
Microsoft Visual Studio Solution File, Format Version 12.00
# Visual Studio Version 16
VisualStudioVersion = 16.0.30413.136
MinimumVisualStudioVersion = 10.0.40219.1
Project("{FAE04EC0-301F-11D3-BF4B-00C04F79EFBC}") = "Glviangle.Application", "Glviangle.Application\Glviangle.Application.csproj", "{86BF71D9-29BA-45A9-8EB8-8299659F111F}"
EndProject
Project("{FAE04EC0-301F-11D3-BF4B-00C04F79EFBC}") = "Glviangle.Data", "Glviangle.Data\Glviangle.Data.csproj", "{16F2E6F8-9AEE-4FE1-8B1D-8AB5400AA757}"
EndProject
Project("{FAE04EC0-301F-11D3-BF4B-00C04F79EFBC}") = "Glviangle.BackendApi", "Glviangle.BackendApi\Glviangle.BackendApi.csproj", "{8C02A79F-B36C-4CE5-89B1-F81F52EF4072}"
EndProject
Project("{FAE04EC0-301F-11D3-BF4B-00C04F79EFBC}") = "Glviangle.WebApp", "Glviangle.WebApp\Glviangle.WebApp.csproj", "{CF784501-A8E8-4151-92B0-BF865539DF85}"
EndProject
Project("{2150E333-8FDC-42A3-9474-1A3956D46DE8}") = "Solution Items", "Solution Items", "{DC501CF3-FBAD-4711-B2C6-A30B882D1277}"
	ProjectSection(SolutionItems) = preProject
		Readme.MD = Readme.MD
	EndProjectSection
EndProject
Global
	GlobalSection(SolutionConfigurationPlatforms) = preSolution
		Debug|Any CPU = Debug|Any CPU
		Release|Any CPU = Release|Any CPU
	EndGlobalSection
	GlobalSection(ProjectConfigurationPlatforms) = postSolution
		{86BF71D9-29BA-45A9-8EB8-8299659F111F}.Debug|Any CPU.ActiveCfg = Debug|Any CPU
		{86BF71D9-29BA-45A9-8EB8-8299659F111F}.Debug|Any CPU.Build.0 = Debug|Any CPU
		{86BF71D9-29BA-45A9-8EB8-8299659F111F}.Release|Any CPU.ActiveCfg = Release|Any CPU
		{86BF71D9-29BA-45A9-8EB8-8299659F111F}.Release|Any CPU.Build.0 = Release|Any CPU
		{16F2E6F8-9AEE-4FE1-8B1D-8AB5400AA757}.Debug|Any CPU.ActiveCfg = Debug|Any CPU
		{16F2E6F8-9AEE-4FE1-8B1D-8AB5400AA757}.Debug|Any CPU.Build.0 = Debug|Any CPU
		{16F2E6F8-9AEE-4FE1-8B1D-8AB5400AA757}.Release|Any CPU.ActiveCfg = Release|Any CPU
		{16F2E6F8-9AEE-4FE1-8B1D-8AB5400AA757}.Release|Any CPU.Build.0 = Release|Any CPU
		{8C02A79F-B36C-4CE5-89B1-F81F52EF4072}.Debug|Any CPU.ActiveCfg = Debug|Any CPU
		{8C02A79F-B36C-4CE5-89B1-F81F52EF4072}.Debug|Any CPU.Build.0 = Debug|Any CPU
		{8C02A79F-B36C-4CE5-89B1-F81F52EF4072}.Release|Any CPU.ActiveCfg = Release|Any CPU
		{8C02A79F-B36C-4CE5-89B1-F81F52EF4072}.Release|Any CPU.Build.0 = Release|Any CPU
		{CF784501-A8E8-4151-92B0-BF865539DF85}.Debug|Any CPU.ActiveCfg = Debug|Any CPU
		{CF784501-A8E8-4151-92B0-BF865539DF85}.Debug|Any CPU.Build.0 = Debug|Any CPU
		{CF784501-A8E8-4151-92B0-BF865539DF85}.Release|Any CPU.ActiveCfg = Release|Any CPU
		{CF784501-A8E8-4151-92B0-BF865539DF85}.Release|Any CPU.Build.0 = Release|Any CPU
	EndGlobalSection
	GlobalSection(SolutionProperties) = preSolution
		HideSolutionNode = FALSE
	EndGlobalSection
	GlobalSection(ExtensibilityGlobals) = postSolution
		SolutionGuid = {283B2693-AABA-489E-9749-3AE415C2A6EF}
	EndGlobalSection
EndGlobal
